schema: '2.0'
stages:
  data_ingestion:
    cmd: python -m src.cnnClassifier.pipeline.stage_01_data_ingestion
    deps:
    - path: config/config.yaml
      hash: md5
      md5: f01b67ebecff319d290ac08857ad86ac
      size: 651
    - path: src/cnnClassifier/pipeline/stage_01_data_ingestion.py
      hash: md5
      md5: 175fa0598b1edf5e2a63013ce181fd4f
      size: 933
    outs:
    - path: artifacts/data_ingestion/PLD_3_Classes_256
      hash: md5
      md5: 1957fccc62fe921dd7b3a6ca87a97b67.dir
      size: 38922037
      nfiles: 4072
  prepare_base_model:
    cmd: python -m src.cnnClassifier.pipeline.stage_02_prepare_base_model
    deps:
    - path: config/config.yaml
      hash: md5
      md5: f01b67ebecff319d290ac08857ad86ac
      size: 651
    - path: src/cnnClassifier/pipeline/stage_02_prepare_base_model.py
      hash: md5
      md5: 2b26585c7b025cee52b59982c2ff92df
      size: 1031
    params:
      params.yaml:
        CLASSES: 3
        IMAGE_SIZE:
        - 224
        - 224
        - 3
        INCLUDE_TOP: false
        LEARNING_RATE: 0.01
        WEIGHTS: imagenet
    outs:
    - path: artifacts/prepare_base_model
      hash: md5
      md5: 672bf35d7ed0a4fce44c00d50be6ec2a.dir
      size: 59234488
      nfiles: 1
  training:
    cmd: python -m src.cnnClassifier.pipeline.stage_03_model_trainer
    deps:
    - path: artifacts/data_ingestion/PLD_3_Classes_256
      hash: md5
      md5: 1957fccc62fe921dd7b3a6ca87a97b67.dir
      size: 38922037
      nfiles: 4072
    - path: artifacts/prepare_base_model
      hash: md5
      md5: 672bf35d7ed0a4fce44c00d50be6ec2a.dir
      size: 59234488
      nfiles: 1
    - path: config/config.yaml
      hash: md5
      md5: f01b67ebecff319d290ac08857ad86ac
      size: 651
    - path: src/cnnClassifier/pipeline/stage_03_model_trainer.py
      hash: md5
      md5: dbf087133bf9bb469c1022f6172329fc
      size: 944
    params:
      params.yaml:
        AUGMENTATION: true
        BATCH_SIZE: 16
        EPOCHS: 1
        IMAGE_SIZE:
        - 224
        - 224
        - 3
    outs:
    - path: artifacts/training/model.h5
      hash: md5
      md5: 0e8b4b15df9372af4ad6b346b4920f8d
      size: 59538224
  evaluation:
    cmd: python -m src.cnnClassifier.pipeline.stage_04_model_evaluation
    deps:
    - path: artifacts/data_ingestion/PLD_3_Classes_256
      hash: md5
      md5: 1957fccc62fe921dd7b3a6ca87a97b67.dir
      size: 38922037
      nfiles: 4072
    - path: artifacts/training/model.h5
      hash: md5
      md5: 0e8b4b15df9372af4ad6b346b4920f8d
      size: 59538224
    - path: config/config.yaml
      hash: md5
      md5: f01b67ebecff319d290ac08857ad86ac
      size: 651
    - path: src/cnnClassifier/pipeline/stage_04_model_evaluation.py
      hash: md5
      md5: d34192b7305991a78be21eed9febdae4
      size: 911
    params:
      params.yaml:
        BATCH_SIZE: 16
        IMAGE_SIZE:
        - 224
        - 224
        - 3
    outs:
    - path: scores.json
      hash: md5
      md5: e726a6221a05922f0c5b84cc71f8d12a
      size: 72
